// !$*UTF8*$!
{
	archiveVersion = 1;
	classes = {
	};
	objectVersion = 50;
	objects = {

/* Begin PBXBuildFile section */
		61F119972670EEC500CD795F /* AppDelegate.swift in Sources */ = {isa = PBXBuildFile; fileRef = 61F119962670EEC500CD795F /* AppDelegate.swift */; };
		61F119992670EEC500CD795F /* SceneDelegate.swift in Sources */ = {isa = PBXBuildFile; fileRef = 61F119982670EEC500CD795F /* SceneDelegate.swift */; };
		61F1199B2670EEC500CD795F /* ViewController.swift in Sources */ = {isa = PBXBuildFile; fileRef = 61F1199A2670EEC500CD795F /* ViewController.swift */; };
		61F1199E2670EEC500CD795F /* Main.storyboard in Resources */ = {isa = PBXBuildFile; fileRef = 61F1199C2670EEC500CD795F /* Main.storyboard */; };
		61F119A02670EEC800CD795F /* Assets.xcassets in Resources */ = {isa = PBXBuildFile; fileRef = 61F1199F2670EEC800CD795F /* Assets.xcassets */; };
		61F119A32670EEC800CD795F /* LaunchScreen.storyboard in Resources */ = {isa = PBXBuildFile; fileRef = 61F119A12670EEC800CD795F /* LaunchScreen.storyboard */; };
		61F119AE2670EEC800CD795F /* Project1Tests.swift in Sources */ = {isa = PBXBuildFile; fileRef = 61F119AD2670EEC800CD795F /* Project1Tests.swift */; };
		61F119B92670EEC900CD795F /* Project1UITests.swift in Sources */ = {isa = PBXBuildFile; fileRef = 61F119B82670EEC900CD795F /* Project1UITests.swift */; };
/* End PBXBuildFile section */

/* Begin PBXContainerItemProxy section */
		61F119AA2670EEC800CD795F /* PBXContainerItemProxy */ = {
			isa = PBXContainerItemProxy;
			containerPortal = 61F1198B2670EEC500CD795F /* Project object */;
			proxyType = 1;
			remoteGlobalIDString = 61F119922670EEC500CD795F;
			remoteInfo = Project1;
		};
		61F119B52670EEC800CD795F /* PBXContainerItemProxy */ = {
			isa = PBXContainerItemProxy;
			containerPortal = 61F1198B2670EEC500CD795F /* Project object */;
			proxyType = 1;
			remoteGlobalIDString = 61F119922670EEC500CD795F;
			remoteInfo = Project1;
		};
/* End PBXContainerItemProxy section */

/* Begin PBXFileReference section */
		61F119932670EEC500CD795F /* Project1.app */ = {isa = PBXFileReference; explicitFileType = wrapper.application; includeInIndex = 0; path = Project1.app; sourceTree = BUILT_PRODUCTS_DIR; };
		61F119962670EEC500CD795F /* AppDelegate.swift */ = {isa = PBXFileReference; lastKnownFileType = sourcecode.swift; path = AppDelegate.swift; sourceTree = "<group>"; };
		61F119982670EEC500CD795F /* SceneDelegate.swift */ = {isa = PBXFileReference; lastKnownFileType = sourcecode.swift; path = SceneDelegate.swift; sourceTree = "<group>"; };
		61F1199A2670EEC500CD795F /* ViewController.swift */ = {isa = PBXFileReference; lastKnownFileType = sourcecode.swift; path = ViewController.swift; sourceTree = "<group>"; };
		61F1199D2670EEC500CD795F /* Base */ = {isa = PBXFileReference; lastKnownFileType = file.storyboard; name = Base; path = Base.lproj/Main.storyboard; sourceTree = "<group>"; };
		61F1199F2670EEC800CD795F /* Assets.xcassets */ = {isa = PBXFileReference; lastKnownFileType = folder.assetcatalog; path = Assets.xcassets; sourceTree = "<group>"; };
		61F119A22670EEC800CD795F /* Base */ = {isa = PBXFileReference; lastKnownFileType = file.storyboard; name = Base; path = Base.lproj/LaunchScreen.storyboard; sourceTree = "<group>"; };
		61F119A42670EEC800CD795F /* Info.plist */ = {isa = PBXFileReference; lastKnownFileType = text.plist.xml; path = Info.plist; sourceTree = "<group>"; };
		61F119A92670EEC800CD795F /* Project1Tests.xctest */ = {isa = PBXFileReference; explicitFileType = wrapper.cfbundle; includeInIndex = 0; path = Project1Tests.xctest; sourceTree = BUILT_PRODUCTS_DIR; };
		61F119AD2670EEC800CD795F /* Project1Tests.swift */ = {isa = PBXFileReference; lastKnownFileType = sourcecode.swift; path = Project1Tests.swift; sourceTree = "<group>"; };
		61F119AF2670EEC800CD795F /* Info.plist */ = {isa = PBXFileReference; lastKnownFileType = text.plist.xml; path = Info.plist; sourceTree = "<group>"; };
		61F119B42670EEC800CD795F /* Project1UITests.xctest */ = {isa = PBXFileReference; explicitFileType = wrapper.cfbundle; includeInIndex = 0; path = Project1UITests.xctest; sourceTree = BUILT_PRODUCTS_DIR; };
		61F119B82670EEC900CD795F /* Project1UITests.swift */ = {isa = PBXFileReference; lastKnownFileType = sourcecode.swift; path = Project1UITests.swift; sourceTree = "<group>"; };
		61F119BA2670EEC900CD795F /* Info.plist */ = {isa = PBXFileReference; lastKnownFileType = text.plist.xml; path = Info.plist; sourceTree = "<group>"; };
/* End PBXFileReference section */

/* Begin PBXFrameworksBuildPhase section */
		61F119902670EEC500CD795F /* Frameworks */ = {
			isa = PBXFrameworksBuildPhase;
			buildActionMask = 2147483647;
			files = (
			);
			runOnlyForDeploymentPostprocessing = 0;
		};
		61F119A62670EEC800CD795F /* Frameworks */ = {
			isa = PBXFrameworksBuildPhase;
			buildActionMask = 2147483647;
			files = (
			);
			runOnlyForDeploymentPostprocessing = 0;
		};
		61F119B12670EEC800CD795F /* Frameworks */ = {
			isa = PBXFrameworksBuildPhase;
			buildActionMask = 2147483647;
			files = (
			);
			runOnlyForDeploymentPostprocessing = 0;
		};
/* End PBXFrameworksBuildPhase section */

/* Begin PBXGroup section */
		61F1198A2670EEC500CD795F = {
			isa = PBXGroup;
			children = (
				61F119952670EEC500CD795F /* Project1 */,
				61F119AC2670EEC800CD795F /* Project1Tests */,
				61F119B72670EEC900CD795F /* Project1UITests */,
				61F119942670EEC500CD795F /* Products */,
			);
			sourceTree = "<group>";
		};
		61F119942670EEC500CD795F /* Products */ = {
			isa = PBXGroup;
			children = (
				61F119932670EEC500CD795F /* Project1.app */,
				61F119A92670EEC800CD795F /* Project1Tests.xctest */,
				61F119B42670EEC800CD795F /* Project1UITests.xctest */,
			);
			name = Products;
			sourceTree = "<group>";
		};
		61F119952670EEC500CD795F /* Project1 */ = {
			isa = PBXGroup;
			children = (
				61F119962670EEC500CD795F /* AppDelegate.swift */,
				61F119982670EEC500CD795F /* SceneDelegate.swift */,
				61F1199A2670EEC500CD795F /* ViewController.swift */,
				61F1199C2670EEC500CD795F /* Main.storyboard */,
				61F1199F2670EEC800CD795F /* Assets.xcassets */,
				61F119A12670EEC800CD795F /* LaunchScreen.storyboard */,
				61F119A42670EEC800CD795F /* Info.plist */,
			);
			path = Project1;
			sourceTree = "<group>";
		};
		61F119AC2670EEC800CD795F /* Project1Tests */ = {
			isa = PBXGroup;
			children = (
				61F119AD2670EEC800CD795F /* Project1Tests.swift */,
				61F119AF2670EEC800CD795F /* Info.plist */,
			);
			path = Project1Tests;
			sourceTree = "<group>";
		};
		61F119B72670EEC900CD795F /* Project1UITests */ = {
			isa = PBXGroup;
			children = (
				61F119B82670EEC900CD795F /* Project1UITests.swift */,
				61F119BA2670EEC900CD795F /* Info.plist */,
			);
			path = Project1UITests;
			sourceTree = "<group>";
		};
/* End PBXGroup section */

/* Begin PBXNativeTarget section */
		61F119922670EEC500CD795F /* Project1 */ = {
			isa = PBXNativeTarget;
			buildConfigurationList = 61F119BD2670EEC900CD795F /* Build configuration list for PBXNativeTarget "Project1" */;
			buildPhases = (
				61F1198F2670EEC500CD795F /* Sources */,
				61F119902670EEC500CD795F /* Frameworks */,
				61F119912670EEC500CD795F /* Resources */,
			);
			buildRules = (
			);
			dependencies = (
			);
			name = Project1;
			productName = Project1;
			productReference = 61F119932670EEC500CD795F /* Project1.app */;
			productType = "com.apple.product-type.application";
		};
		61F119A82670EEC800CD795F /* Project1Tests */ = {
			isa = PBXNativeTarget;
			buildConfigurationList = 61F119C02670EEC900CD795F /* Build configuration list for PBXNativeTarget "Project1Tests" */;
			buildPhases = (
				61F119A52670EEC800CD795F /* Sources */,
				61F119A62670EEC800CD795F /* Frameworks */,
				61F119A72670EEC800CD795F /* Resources */,
			);
			buildRules = (
			);
			dependencies = (
				61F119AB2670EEC800CD795F /* PBXTargetDependency */,
			);
			name = Project1Tests;
			productName = Project1Tests;
			productReference = 61F119A92670EEC800CD795F /* Project1Tests.xctest */;
			productType = "com.apple.product-type.bundle.unit-test";
		};
		61F119B32670EEC800CD795F /* Project1UITests */ = {
			isa = PBXNativeTarget;
			buildConfigurationList = 61F119C32670EEC900CD795F /* Build configuration list for PBXNativeTarget "Project1UITests" */;
			buildPhases = (
				61F119B02670EEC800CD795F /* Sources */,
				61F119B12670EEC800CD795F /* Frameworks */,
				61F119B22670EEC800CD795F /* Resources */,
			);
			buildRules = (
			);
			dependencies = (
				61F119B62670EEC800CD795F /* PBXTargetDependency */,
			);
			name = Project1UITests;
			productName = Project1UITests;
			productReference = 61F119B42670EEC800CD795F /* Project1UITests.xctest */;
			productType = "com.apple.product-type.bundle.ui-testing";
		};
/* End PBXNativeTarget section */

/* Begin PBXProject section */
		61F1198B2670EEC500CD795F /* Project object */ = {
			isa = PBXProject;
			attributes = {
				LastSwiftUpdateCheck = 1220;
				LastUpgradeCheck = 1220;
				TargetAttributes = {
					61F119922670EEC500CD795F = {
						CreatedOnToolsVersion = 12.2;
					};
					61F119A82670EEC800CD795F = {
						CreatedOnToolsVersion = 12.2;
						TestTargetID = 61F119922670EEC500CD795F;
					};
					61F119B32670EEC800CD795F = {
						CreatedOnToolsVersion = 12.2;
						TestTargetID = 61F119922670EEC500CD795F;
					};
				};
			};
			buildConfigurationList = 61F1198E2670EEC500CD795F /* Build configuration list for PBXProject "Project1" */;
			compatibilityVersion = "Xcode 9.3";
			developmentRegion = en;
			hasScannedForEncodings = 0;
			knownRegions = (
				en,
				Base,
			);
			mainGroup = 61F1198A2670EEC500CD795F;
			productRefGroup = 61F119942670EEC500CD795F /* Products */;
			projectDirPath = "";
			projectRoot = "";
			targets = (
				61F119922670EEC500CD795F /* Project1 */,
				61F119A82670EEC800CD795F /* Project1Tests */,
				61F119B32670EEC800CD795F /* Project1UITests */,
			);
		};
/* End PBXProject section */

/* Begin PBXResourcesBuildPhase section */
		61F119912670EEC500CD795F /* Resources */ = {
			isa = PBXResourcesBuildPhase;
			buildActionMask = 2147483647;
			files = (
				61F119A32670EEC800CD795F /* LaunchScreen.storyboard in Resources */,
				61F119A02670EEC800CD795F /* Assets.xcassets in Resources */,
				61F1199E2670EEC500CD795F /* Main.storyboard in Resources */,
			);
			runOnlyForDeploymentPostprocessing = 0;
		};
		61F119A72670EEC800CD795F /* Resources */ = {
			isa = PBXResourcesBuildPhase;
			buildActionMask = 2147483647;
			files = (
			);
			runOnlyForDeploymentPostprocessing = 0;
		};
		61F119B22670EEC800CD795F /* Resources */ = {
			isa = PBXResourcesBuildPhase;
			buildActionMask = 2147483647;
			files = (
			);
			runOnlyForDeploymentPostprocessing = 0;
		};
/* End PBXResourcesBuildPhase section */

/* Begin PBXSourcesBuildPhase section */
		61F1198F2670EEC500CD795F /* Sources */ = {
			isa = PBXSourcesBuildPhase;
			buildActionMask = 2147483647;
			files = (
				61F1199B2670EEC500CD795F /* ViewController.swift in Sources */,
				61F119972670EEC500CD795F /* AppDelegate.swift in Sources */,
				61F119992670EEC500CD795F /* SceneDelegate.swift in Sources */,
			);
			runOnlyForDeploymentPostprocessing = 0;
		};
		61F119A52670EEC800CD795F /* Sources */ = {
			isa = PBXSourcesBuildPhase;
			buildActionMask = 2147483647;
			files = (
				61F119AE2670EEC800CD795F /* Project1Tests.swift in Sources */,
			);
			runOnlyForDeploymentPostprocessing = 0;
		};
		61F119B02670EEC800CD795F /* Sources */ = {
			isa = PBXSourcesBuildPhase;
			buildActionMask = 2147483647;
			files = (
				61F119B92670EEC900CD795F /* Project1UITests.swift in Sources */,
			);
			runOnlyForDeploymentPostprocessing = 0;
		};
/* End PBXSourcesBuildPhase section */

/* Begin PBXTargetDependency section */
		61F119AB2670EEC800CD795F /* PBXTargetDependency */ = {
			isa = PBXTargetDependency;
			target = 61F119922670EEC500CD795F /* Project1 */;
			targetProxy = 61F119AA2670EEC800CD795F /* PBXContainerItemProxy */;
		};
		61F119B62670EEC800CD795F /* PBXTargetDependency */ = {
			isa = PBXTargetDependency;
			target = 61F119922670EEC500CD795F /* Project1 */;
			targetProxy = 61F119B52670EEC800CD795F /* PBXContainerItemProxy */;
		};
/* End PBXTargetDependency section */

/* Begin PBXVariantGroup section */
		61F1199C2670EEC500CD795F /* Main.storyboard */ = {
			isa = PBXVariantGroup;
			children = (
				61F1199D2670EEC500CD795F /* Base */,
			);
			name = Main.storyboard;
			sourceTree = "<group>";
		};
		61F119A12670EEC800CD795F /* LaunchScreen.storyboard */ = {
			isa = PBXVariantGroup;
			children = (
				61F119A22670EEC800CD795F /* Base */,
			);
			name = LaunchScreen.storyboard;
			sourceTree = "<group>";
		};
/* End PBXVariantGroup section */

/* Begin XCBuildConfiguration section */
		61F119BB2670EEC900CD795F /* Debug */ = {
			isa = XCBuildConfiguration;
			buildSettings = {
				ALWAYS_SEARCH_USER_PATHS = NO;
				CLANG_ANALYZER_NONNULL = YES;
				CLANG_ANALYZER_NUMBER_OBJECT_CONVERSION = YES_AGGRESSIVE;
				CLANG_CXX_LANGUAGE_STANDARD = "gnu++14";
				CLANG_CXX_LIBRARY = "libc++";
				CLANG_ENABLE_MODULES = YES;
				CLANG_ENABLE_OBJC_ARC = YES;
				CLANG_ENABLE_OBJC_WEAK = YES;
				CLANG_WARN_BLOCK_CAPTURE_AUTORELEASING = YES;
				CLANG_WARN_BOOL_CONVERSION = YES;
				CLANG_WARN_COMMA = YES;
				CLANG_WARN_CONSTANT_CONVERSION = YES;
				CLANG_WARN_DEPRECATED_OBJC_IMPLEMENTATIONS = YES;
				CLANG_WARN_DIRECT_OBJC_ISA_USAGE = YES_ERROR;
				CLANG_WARN_DOCUMENTATION_COMMENTS = YES;
				CLANG_WARN_EMPTY_BODY = YES;
				CLANG_WARN_ENUM_CONVERSION = YES;
				CLANG_WARN_INFINITE_RECURSION = YES;
				CLANG_WARN_INT_CONVERSION = YES;
				CLANG_WARN_NON_LITERAL_NULL_CONVERSION = YES;
				CLANG_WARN_OBJC_IMPLICIT_RETAIN_SELF = YES;
				CLANG_WARN_OBJC_LITERAL_CONVERSION = YES;
				CLANG_WARN_OBJC_ROOT_CLASS = YES_ERROR;
				CLANG_WARN_QUOTED_INCLUDE_IN_FRAMEWORK_HEADER = YES;
				CLANG_WARN_RANGE_LOOP_ANALYSIS = YES;
				CLANG_WARN_STRICT_PROTOTYPES = YES;
				CLANG_WARN_SUSPICIOUS_MOVE = YES;
				CLANG_WARN_UNGUARDED_AVAILABILITY = YES_AGGRESSIVE;
				CLANG_WARN_UNREACHABLE_CODE = YES;
				CLANG_WARN__DUPLICATE_METHOD_MATCH = YES;
				COPY_PHASE_STRIP = NO;
				DEBUG_INFORMATION_FORMAT = dwarf;
				ENABLE_STRICT_OBJC_MSGSEND = YES;
				ENABLE_TESTABILITY = YES;
				GCC_C_LANGUAGE_STANDARD = gnu11;
				GCC_DYNAMIC_NO_PIC = NO;
				GCC_NO_COMMON_BLOCKS = YES;
				GCC_OPTIMIZATION_LEVEL = 0;
				GCC_PREPROCESSOR_DEFINITIONS = (
					"DEBUG=1",
					"$(inherited)",
				);
				GCC_WARN_64_TO_32_BIT_CONVERSION = YES;
				GCC_WARN_ABOUT_RETURN_TYPE = YES_ERROR;
				GCC_WARN_UNDECLARED_SELECTOR = YES;
				GCC_WARN_UNINITIALIZED_AUTOS = YES_AGGRESSIVE;
				GCC_WARN_UNUSED_FUNCTION = YES;
				GCC_WARN_UNUSED_VARIABLE = YES;
				IPHONEOS_DEPLOYMENT_TARGET = 14.2;
				MTL_ENABLE_DEBUG_INFO = INCLUDE_SOURCE;
				MTL_FAST_MATH = YES;
				ONLY_ACTIVE_ARCH = YES;
				SDKROOT = iphoneos;
				SWIFT_ACTIVE_COMPILATION_CONDITIONS = DEBUG;
				SWIFT_OPTIMIZATION_LEVEL = "-Onone";
			};
			name = Debug;
		};
		61F119BC2670EEC900CD795F /* Release */ = {
			isa = XCBuildConfiguration;
			buildSettings = {
				ALWAYS_SEARCH_USER_PATHS = NO;
				CLANG_ANALYZER_NONNULL = YES;
				CLANG_ANALYZER_NUMBER_OBJECT_CONVERSION = YES_AGGRESSIVE;
				CLANG_CXX_LANGUAGE_STANDARD = "gnu++14";
				CLANG_CXX_LIBRARY = "libc++";
				CLANG_ENABLE_MODULES = YES;
				CLANG_ENABLE_OBJC_ARC = YES;
				CLANG_ENABLE_OBJC_WEAK = YES;
				CLANG_WARN_BLOCK_CAPTURE_AUTORELEASING = YES;
				CLANG_WARN_BOOL_CONVERSION = YES;
				CLANG_WARN_COMMA = YES;
				CLANG_WARN_CONSTANT_CONVERSION = YES;
				CLANG_WARN_DEPRECATED_OBJC_IMPLEMENTATIONS = YES;
				CLANG_WARN_DIRECT_OBJC_ISA_USAGE = YES_ERROR;
				CLANG_WARN_DOCUMENTATION_COMMENTS = YES;
				CLANG_WARN_EMPTY_BODY = YES;
				CLANG_WARN_ENUM_CONVERSION = YES;
				CLANG_WARN_INFINITE_RECURSION = YES;
				CLANG_WARN_INT_CONVERSION = YES;
				CLANG_WARN_NON_LITERAL_NULL_CONVERSION = YES;
				CLANG_WARN_OBJC_IMPLICIT_RETAIN_SELF = YES;
				CLANG_WARN_OBJC_LITERAL_CONVERSION = YES;
				CLANG_WARN_OBJC_ROOT_CLASS = YES_ERROR;
				CLANG_WARN_QUOTED_INCLUDE_IN_FRAMEWORK_HEADER = YES;
				CLANG_WARN_RANGE_LOOP_ANALYSIS = YES;
				CLANG_WARN_STRICT_PROTOTYPES = YES;
				CLANG_WARN_SUSPICIOUS_MOVE = YES;
				CLANG_WARN_UNGUARDED_AVAILABILITY = YES_AGGRESSIVE;
				CLANG_WARN_UNREACHABLE_CODE = YES;
				CLANG_WARN__DUPLICATE_METHOD_MATCH = YES;
				COPY_PHASE_STRIP = NO;
				DEBUG_INFORMATION_FORMAT = "dwarf-with-dsym";
				ENABLE_NS_ASSERTIONS = NO;
				ENABLE_STRICT_OBJC_MSGSEND = YES;
				GCC_C_LANGUAGE_STANDARD = gnu11;
				GCC_NO_COMMON_BLOCKS = YES;
				GCC_WARN_64_TO_32_BIT_CONVERSION = YES;
				GCC_WARN_ABOUT_RETURN_TYPE = YES_ERROR;
				GCC_WARN_UNDECLARED_SELECTOR = YES;
				GCC_WARN_UNINITIALIZED_AUTOS = YES_AGGRESSIVE;
				GCC_WARN_UNUSED_FUNCTION = YES;
				GCC_WARN_UNUSED_VARIABLE = YES;
				IPHONEOS_DEPLOYMENT_TARGET = 14.2;
				MTL_ENABLE_DEBUG_INFO = NO;
				MTL_FAST_MATH = YES;
				SDKROOT = iphoneos;
				SWIFT_COMPILATION_MODE = wholemodule;
				SWIFT_OPTIMIZATION_LEVEL = "-O";
				VALIDATE_PRODUCT = YES;
			};
			name = Release;
		};
		61F119BE2670EEC900CD795F /* Debug */ = {
			isa = XCBuildConfiguration;
			buildSettings = {
				ASSETCATALOG_COMPILER_APPICON_NAME = AppIcon;
				ASSETCATALOG_COMPILER_GLOBAL_ACCENT_COLOR_NAME = AccentColor;
				CODE_SIGN_STYLE = Automatic;
				INFOPLIST_FILE = Project1/Info.plist;
				LD_RUNPATH_SEARCH_PATHS = (
					"$(inherited)",
					"@executable_path/Frameworks",
				);
				PRODUCT_BUNDLE_IDENTIFIER = MH.Project1;
				PRODUCT_NAME = "$(TARGET_NAME)";
				SWIFT_VERSION = 5.0;
				TARGETED_DEVICE_FAMILY = "1,2";
			};
			name = Debug;
		};
		61F119BF2670EEC900CD795F /* Release */ = {
			isa = XCBuildConfiguration;
			buildSettings = {
				ASSETCATALOG_COMPILER_APPICON_NAME = AppIcon;
				ASSETCATALOG_COMPILER_GLOBAL_ACCENT_COLOR_NAME = AccentColor;
				CODE_SIGN_STYLE = Automatic;
				INFOPLIST_FILE = Project1/Info.plist;
				LD_RUNPATH_SEARCH_PATHS = (
					"$(inherited)",
					"@executable_path/Frameworks",
				);
				PRODUCT_BUNDLE_IDENTIFIER = MH.Project1;
				PRODUCT_NAME = "$(TARGET_NAME)";
				SWIFT_VERSION = 5.0;
				TARGETED_DEVICE_FAMILY = "1,2";
			};
			name = Release;
		};
		61F119C12670EEC900CD795F /* Debug */ = {
			isa = XCBuildConfiguration;
			buildSettings = {
				ALWAYS_EMBED_SWIFT_STANDARD_LIBRARIES = YES;
				BUNDLE_LOADER = "$(TEST_HOST)";
				CODE_SIGN_STYLE = Automatic;
				INFOPLIST_FILE = Project1Tests/Info.plist;
				IPHONEOS_DEPLOYMENT_TARGET = 14.2;
				LD_RUNPATH_SEARCH_PATHS = (
					"$(inherited)",
					"@executable_path/Frameworks",
					"@loader_path/Frameworks",
				);
				PRODUCT_BUNDLE_IDENTIFIER = MH.Project1Tests;
				PRODUCT_NAME = "$(TARGET_NAME)";
				SWIFT_VERSION = 5.0;
				TARGETED_DEVICE_FAMILY = "1,2";
				TEST_HOST = "$(BUILT_PRODUCTS_DIR)/Project1.app/Project1";
			};
			name = Debug;
		};
		61F119C22670EEC900CD795F /* Release */ = {
			isa = XCBuildConfiguration;
			buildSettings = {
				ALWAYS_EMBED_SWIFT_STANDARD_LIBRARIES = YES;
				BUNDLE_LOADER = "$(TEST_HOST)";
				CODE_SIGN_STYLE = Automatic;
				INFOPLIST_FILE = Project1Tests/Info.plist;
				IPHONEOS_DEPLOYMENT_TARGET = 14.2;
				LD_RUNPATH_SEARCH_PATHS = (
					"$(inherited)",
					"@executable_path/Frameworks",
					"@loader_path/Frameworks",
				);
				PRODUCT_BUNDLE_IDENTIFIER = MH.Project1Tests;
				PRODUCT_NAME = "$(TARGET_NAME)";
				SWIFT_VERSION = 5.0;
				TARGETED_DEVICE_FAMILY = "1,2";
				TEST_HOST = "$(BUILT_PRODUCTS_DIR)/Project1.app/Project1";
			};
			name = Release;
		};
		61F119C42670EEC900CD795F /* Debug */ = {
			isa = XCBuildConfiguration;
			buildSettings = {
				ALWAYS_EMBED_SWIFT_STANDARD_LIBRARIES = YES;
				CODE_SIGN_STYLE = Automatic;
				INFOPLIST_FILE = Project1UITests/Info.plist;
				LD_RUNPATH_SEARCH_PATHS = (
					"$(inherited)",
					"@executable_path/Frameworks",
					"@loader_path/Frameworks",
				);
				PRODUCT_BUNDLE_IDENTIFIER = MH.Project1UITests;
				PRODUCT_NAME = "$(TARGET_NAME)";
				SWIFT_VERSION = 5.0;
				TARGETED_DEVICE_FAMILY = "1,2";
				TEST_TARGET_NAME = Project1;
			};
			name = Debug;
		};
		61F119C52670EEC900CD795F /* Release */ = {
			isa = XCBuildConfiguration;
			buildSettings = {
				ALWAYS_EMBED_SWIFT_STANDARD_LIBRARIES = YES;
				CODE_SIGN_STYLE = Automatic;
				INFOPLIST_FILE = Project1UITests/Info.plist;
				LD_RUNPATH_SEARCH_PATHS = (
					"$(inherited)",
					"@executable_path/Frameworks",
					"@loader_path/Frameworks",
				);
				PRODUCT_BUNDLE_IDENTIFIER = MH.Project1UITests;
				PRODUCT_NAME = "$(TARGET_NAME)";
				SWIFT_VERSION = 5.0;
				TARGETED_DEVICE_FAMILY = "1,2";
				TEST_TARGET_NAME = Project1;
			};
			name = Release;
		};
/* End XCBuildConfiguration section */

/* Begin XCConfigurationList section */
		61F1198E2670EEC500CD795F /* Build configuration list for PBXProject "Project1" */ = {
			isa = XCConfigurationList;
			buildConfigurations = (
				61F119BB2670EEC900CD795F /* Debug */,
				61F119BC2670EEC900CD795F /* Release */,
			);
			defaultConfigurationIsVisible = 0;
			defaultConfigurationName = Release;
		};
		61F119BD2670EEC900CD795F /* Build configuration list for PBXNativeTarget "Project1" */ = {
			isa = XCConfigurationList;
			buildConfigurations = (
				61F119BE2670EEC900CD795F /* Debug */,
				61F119BF2670EEC900CD795F /* Release */,
			);
			defaultConfigurationIsVisible = 0;
			defaultConfigurationName = Release;
		};
		61F119C02670EEC900CD795F /* Build configuration list for PBXNativeTarget "Project1Tests" */ = {
			isa = XCConfigurationList;
			buildConfigurations = (
				61F119C12670EEC900CD795F /* Debug */,
				61F119C22670EEC900CD795F /* Release */,
			);
			defaultConfigurationIsVisible = 0;
			defaultConfigurationName = Release;
		};
		61F119C32670EEC900CD795F /* Build configuration list for PBXNativeTarget "Project1UITests" */ = {
			isa = XCConfigurationList;
			buildConfigurations = (
				61F119C42670EEC900CD795F /* Debug */,
				61F119C52670EEC900CD795F /* Release */,
			);
			defaultConfigurationIsVisible = 0;
			defaultConfigurationName = Release;
		};
/* End XCConfigurationList section */
	};
	rootObject = 61F1198B2670EEC500CD795F /* Project object */;
}
